
Microsoft Visual Studio Solution File, Format Version 12.00
# Visual Studio Version 17
VisualStudioVersion = 17.9.34728.123
MinimumVisualStudioVersion = 10.0.40219.1
Project("{FAE04EC0-301F-11D3-BF4B-00C04F79EFBC}") = "Project_Judo", "Project_Judo.csproj", "{20917390-C9B8-46AE-A329-CD367FA5692A}"
EndProject
Global
	GlobalSection(SolutionConfigurationPlatforms) = preSolution
		Debug|Any CPU = Debug|Any CPU
		Release|Any CPU = Release|Any CPU
	EndGlobalSection
	GlobalSection(ProjectConfigurationPlatforms) = postSolution
		{20917390-C9B8-46AE-A329-CD367FA5692A}.Debug|Any CPU.ActiveCfg = Debug|Any CPU
		{20917390-C9B8-46AE-A329-CD367FA5692A}.Debug|Any CPU.Build.0 = Debug|Any CPU
		{20917390-C9B8-46AE-A329-CD367FA5692A}.Release|Any CPU.ActiveCfg = Release|Any CPU
		{20917390-C9B8-46AE-A329-CD367FA5692A}.Release|Any CPU.Build.0 = Release|Any CPU
	EndGlobalSection
	GlobalSection(SolutionProperties) = preSolution
		HideSolutionNode = FALSE
	EndGlobalSection
	GlobalSection(ExtensibilityGlobals) = postSolution
		SolutionGuid = {0FF98AE6-95B5-4B54-A54E-70A42854DA11}
	EndGlobalSection
EndGlobal
